// !$*UTF8*$!
{
	archiveVersion = 1;
	classes = {
	};
	objectVersion = 50;
	objects = {

/* Begin PBXBuildFile section */
		0E646FBC235AD4D700C164B8 /* Utilities.swift in Sources */ = {isa = PBXBuildFile; fileRef = 0E646FBB235AD4D700C164B8 /* Utilities.swift */; };
		0EA9F4742355572000DCADAB /* AppDelegate.swift in Sources */ = {isa = PBXBuildFile; fileRef = 0EA9F4732355572000DCADAB /* AppDelegate.swift */; };
		0EA9F4762355572000DCADAB /* SceneDelegate.swift in Sources */ = {isa = PBXBuildFile; fileRef = 0EA9F4752355572000DCADAB /* SceneDelegate.swift */; };
		0EA9F4782355572000DCADAB /* ContentView.swift in Sources */ = {isa = PBXBuildFile; fileRef = 0EA9F4772355572000DCADAB /* ContentView.swift */; };
		0EA9F47A2355572200DCADAB /* Assets.xcassets in Resources */ = {isa = PBXBuildFile; fileRef = 0EA9F4792355572200DCADAB /* Assets.xcassets */; };
		0EA9F47D2355572200DCADAB /* Preview Assets.xcassets in Resources */ = {isa = PBXBuildFile; fileRef = 0EA9F47C2355572200DCADAB /* Preview Assets.xcassets */; };
		0EA9F4802355572200DCADAB /* LaunchScreen.storyboard in Resources */ = {isa = PBXBuildFile; fileRef = 0EA9F47E2355572200DCADAB /* LaunchScreen.storyboard */; };
		0EA9F491235563FF00DCADAB /* AnswersModel.swift in Sources */ = {isa = PBXBuildFile; fileRef = 0EA9F488235563FF00DCADAB /* AnswersModel.swift */; };
		0EA9F492235563FF00DCADAB /* SearchQuestionModel.swift in Sources */ = {isa = PBXBuildFile; fileRef = 0EA9F489235563FF00DCADAB /* SearchQuestionModel.swift */; };
		0EA9F493235563FF00DCADAB /* NetworkManager.swift in Sources */ = {isa = PBXBuildFile; fileRef = 0EA9F48B235563FF00DCADAB /* NetworkManager.swift */; };
		0EA9F494235563FF00DCADAB /* URLRequestConvertible.swift in Sources */ = {isa = PBXBuildFile; fileRef = 0EA9F48C235563FF00DCADAB /* URLRequestConvertible.swift */; };
		0EA9F495235563FF00DCADAB /* NetworkAPI.swift in Sources */ = {isa = PBXBuildFile; fileRef = 0EA9F48D235563FF00DCADAB /* NetworkAPI.swift */; };
		0EA9F496235563FF00DCADAB /* QuestionTableViewCell.swift in Sources */ = {isa = PBXBuildFile; fileRef = 0EA9F48F235563FF00DCADAB /* QuestionTableViewCell.swift */; };
		0EA9F497235563FF00DCADAB /* AnswerTableViewCell.swift in Sources */ = {isa = PBXBuildFile; fileRef = 0EA9F490235563FF00DCADAB /* AnswerTableViewCell.swift */; };
		0EA9F499235564B600DCADAB /* QuestionsViewModel.swift in Sources */ = {isa = PBXBuildFile; fileRef = 0EA9F498235564B600DCADAB /* QuestionsViewModel.swift */; };
/* End PBXBuildFile section */

/* Begin PBXFileReference section */
		0E646FBB235AD4D700C164B8 /* Utilities.swift */ = {isa = PBXFileReference; lastKnownFileType = sourcecode.swift; path = Utilities.swift; sourceTree = "<group>"; };
		0EA9F4702355572000DCADAB /* StackOverflow.app */ = {isa = PBXFileReference; explicitFileType = wrapper.application; includeInIndex = 0; path = StackOverflow.app; sourceTree = BUILT_PRODUCTS_DIR; };
		0EA9F4732355572000DCADAB /* AppDelegate.swift */ = {isa = PBXFileReference; lastKnownFileType = sourcecode.swift; path = AppDelegate.swift; sourceTree = "<group>"; };
		0EA9F4752355572000DCADAB /* SceneDelegate.swift */ = {isa = PBXFileReference; lastKnownFileType = sourcecode.swift; path = SceneDelegate.swift; sourceTree = "<group>"; };
		0EA9F4772355572000DCADAB /* ContentView.swift */ = {isa = PBXFileReference; lastKnownFileType = sourcecode.swift; path = ContentView.swift; sourceTree = "<group>"; };
		0EA9F4792355572200DCADAB /* Assets.xcassets */ = {isa = PBXFileReference; lastKnownFileType = folder.assetcatalog; path = Assets.xcassets; sourceTree = "<group>"; };
		0EA9F47C2355572200DCADAB /* Preview Assets.xcassets */ = {isa = PBXFileReference; lastKnownFileType = folder.assetcatalog; path = "Preview Assets.xcassets"; sourceTree = "<group>"; };
		0EA9F47F2355572200DCADAB /* Base */ = {isa = PBXFileReference; lastKnownFileType = file.storyboard; name = Base; path = Base.lproj/LaunchScreen.storyboard; sourceTree = "<group>"; };
		0EA9F4812355572200DCADAB /* Info.plist */ = {isa = PBXFileReference; lastKnownFileType = text.plist.xml; path = Info.plist; sourceTree = "<group>"; };
		0EA9F488235563FF00DCADAB /* AnswersModel.swift */ = {isa = PBXFileReference; fileEncoding = 4; lastKnownFileType = sourcecode.swift; path = AnswersModel.swift; sourceTree = "<group>"; };
		0EA9F489235563FF00DCADAB /* SearchQuestionModel.swift */ = {isa = PBXFileReference; fileEncoding = 4; lastKnownFileType = sourcecode.swift; path = SearchQuestionModel.swift; sourceTree = "<group>"; };
		0EA9F48B235563FF00DCADAB /* NetworkManager.swift */ = {isa = PBXFileReference; fileEncoding = 4; lastKnownFileType = sourcecode.swift; path = NetworkManager.swift; sourceTree = "<group>"; };
		0EA9F48C235563FF00DCADAB /* URLRequestConvertible.swift */ = {isa = PBXFileReference; fileEncoding = 4; lastKnownFileType = sourcecode.swift; path = URLRequestConvertible.swift; sourceTree = "<group>"; };
		0EA9F48D235563FF00DCADAB /* NetworkAPI.swift */ = {isa = PBXFileReference; fileEncoding = 4; lastKnownFileType = sourcecode.swift; path = NetworkAPI.swift; sourceTree = "<group>"; };
		0EA9F48F235563FF00DCADAB /* QuestionTableViewCell.swift */ = {isa = PBXFileReference; fileEncoding = 4; lastKnownFileType = sourcecode.swift; path = QuestionTableViewCell.swift; sourceTree = "<group>"; };
		0EA9F490235563FF00DCADAB /* AnswerTableViewCell.swift */ = {isa = PBXFileReference; fileEncoding = 4; lastKnownFileType = sourcecode.swift; path = AnswerTableViewCell.swift; sourceTree = "<group>"; };
		0EA9F498235564B600DCADAB /* QuestionsViewModel.swift */ = {isa = PBXFileReference; fileEncoding = 4; lastKnownFileType = sourcecode.swift; path = QuestionsViewModel.swift; sourceTree = "<group>"; };
/* End PBXFileReference section */

/* Begin PBXFrameworksBuildPhase section */
		0EA9F46D2355572000DCADAB /* Frameworks */ = {
			isa = PBXFrameworksBuildPhase;
			buildActionMask = 2147483647;
			files = (
			);
			runOnlyForDeploymentPostprocessing = 0;
		};
/* End PBXFrameworksBuildPhase section */

/* Begin PBXGroup section */
		0E646FBA235AD4C600C164B8 /* Utils */ = {
			isa = PBXGroup;
			children = (
				0E646FBB235AD4D700C164B8 /* Utilities.swift */,
			);
			path = Utils;
			sourceTree = "<group>";
		};
		0EA9F4672355572000DCADAB = {
			isa = PBXGroup;
			children = (
				0EA9F4722355572000DCADAB /* StackOverflow */,
				0EA9F4712355572000DCADAB /* Products */,
			);
			sourceTree = "<group>";
		};
		0EA9F4712355572000DCADAB /* Products */ = {
			isa = PBXGroup;
			children = (
				0EA9F4702355572000DCADAB /* StackOverflow.app */,
			);
			name = Products;
			sourceTree = "<group>";
		};
		0EA9F4722355572000DCADAB /* StackOverflow */ = {
			isa = PBXGroup;
			children = (
				0EA9F4732355572000DCADAB /* AppDelegate.swift */,
				0EA9F4752355572000DCADAB /* SceneDelegate.swift */,
				0EA9F4772355572000DCADAB /* ContentView.swift */,
				0EA9F498235564B600DCADAB /* QuestionsViewModel.swift */,
				0E646FBA235AD4C600C164B8 /* Utils */,
				0EA9F487235563FF00DCADAB /* Models */,
				0EA9F48A235563FF00DCADAB /* Network */,
				0EA9F48E235563FF00DCADAB /* View */,
				0EA9F4792355572200DCADAB /* Assets.xcassets */,
				0EA9F47E2355572200DCADAB /* LaunchScreen.storyboard */,
				0EA9F4812355572200DCADAB /* Info.plist */,
				0EA9F47B2355572200DCADAB /* Preview Content */,
			);
			path = StackOverflow;
			sourceTree = "<group>";
		};
		0EA9F47B2355572200DCADAB /* Preview Content */ = {
			isa = PBXGroup;
			children = (
				0EA9F47C2355572200DCADAB /* Preview Assets.xcassets */,
			);
			path = "Preview Content";
			sourceTree = "<group>";
		};
		0EA9F487235563FF00DCADAB /* Models */ = {
			isa = PBXGroup;
			children = (
				0EA9F488235563FF00DCADAB /* AnswersModel.swift */,
				0EA9F489235563FF00DCADAB /* SearchQuestionModel.swift */,
			);
			path = Models;
			sourceTree = "<group>";
		};
		0EA9F48A235563FF00DCADAB /* Network */ = {
			isa = PBXGroup;
			children = (
				0EA9F48B235563FF00DCADAB /* NetworkManager.swift */,
				0EA9F48C235563FF00DCADAB /* URLRequestConvertible.swift */,
				0EA9F48D235563FF00DCADAB /* NetworkAPI.swift */,
			);
			path = Network;
			sourceTree = "<group>";
		};
		0EA9F48E235563FF00DCADAB /* View */ = {
			isa = PBXGroup;
			children = (
				0EA9F48F235563FF00DCADAB /* QuestionTableViewCell.swift */,
				0EA9F490235563FF00DCADAB /* AnswerTableViewCell.swift */,
			);
			path = View;
			sourceTree = "<group>";
		};
/* End PBXGroup section */

/* Begin PBXNativeTarget section */
		0EA9F46F2355572000DCADAB /* StackOverflow */ = {
			isa = PBXNativeTarget;
			buildConfigurationList = 0EA9F4842355572200DCADAB /* Build configuration list for PBXNativeTarget "StackOverflow" */;
			buildPhases = (
				0EA9F46C2355572000DCADAB /* Sources */,
				0EA9F46D2355572000DCADAB /* Frameworks */,
				0EA9F46E2355572000DCADAB /* Resources */,
			);
			buildRules = (
			);
			dependencies = (
			);
			name = StackOverflow;
			productName = StackOverflow;
			productReference = 0EA9F4702355572000DCADAB /* StackOverflow.app */;
			productType = "com.apple.product-type.application";
		};
/* End PBXNativeTarget section */

/* Begin PBXProject section */
		0EA9F4682355572000DCADAB /* Project object */ = {
			isa = PBXProject;
			attributes = {
				LastSwiftUpdateCheck = 1110;
				LastUpgradeCheck = 1110;
				ORGANIZATIONNAME = "Michael Lu";
				TargetAttributes = {
					0EA9F46F2355572000DCADAB = {
						CreatedOnToolsVersion = 11.1;
					};
				};
			};
			buildConfigurationList = 0EA9F46B2355572000DCADAB /* Build configuration list for PBXProject "StackOverflow" */;
			compatibilityVersion = "Xcode 9.3";
			developmentRegion = en;
			hasScannedForEncodings = 0;
			knownRegions = (
				en,
				Base,
			);
			mainGroup = 0EA9F4672355572000DCADAB;
			productRefGroup = 0EA9F4712355572000DCADAB /* Products */;
			projectDirPath = "";
			projectRoot = "";
			targets = (
				0EA9F46F2355572000DCADAB /* StackOverflow */,
			);
		};
/* End PBXProject section */

/* Begin PBXResourcesBuildPhase section */
		0EA9F46E2355572000DCADAB /* Resources */ = {
			isa = PBXResourcesBuildPhase;
			buildActionMask = 2147483647;
			files = (
				0EA9F4802355572200DCADAB /* LaunchScreen.storyboard in Resources */,
				0EA9F47D2355572200DCADAB /* Preview Assets.xcassets in Resources */,
				0EA9F47A2355572200DCADAB /* Assets.xcassets in Resources */,
			);
			runOnlyForDeploymentPostprocessing = 0;
		};
/* End PBXResourcesBuildPhase section */

/* Begin PBXSourcesBuildPhase section */
		0EA9F46C2355572000DCADAB /* Sources */ = {
			isa = PBXSourcesBuildPhase;
			buildActionMask = 2147483647;
			files = (
				0EA9F494235563FF00DCADAB /* URLRequestConvertible.swift in Sources */,
				0EA9F493235563FF00DCADAB /* NetworkManager.swift in Sources */,
				0EA9F4742355572000DCADAB /* AppDelegate.swift in Sources */,
				0EA9F497235563FF00DCADAB /* AnswerTableViewCell.swift in Sources */,
				0EA9F492235563FF00DCADAB /* SearchQuestionModel.swift in Sources */,
				0EA9F491235563FF00DCADAB /* AnswersModel.swift in Sources */,
				0E646FBC235AD4D700C164B8 /* Utilities.swift in Sources */,
				0EA9F4762355572000DCADAB /* SceneDelegate.swift in Sources */,
				0EA9F496235563FF00DCADAB /* QuestionTableViewCell.swift in Sources */,
				0EA9F4782355572000DCADAB /* ContentView.swift in Sources */,
				0EA9F495235563FF00DCADAB /* NetworkAPI.swift in Sources */,
				0EA9F499235564B600DCADAB /* QuestionsViewModel.swift in Sources */,
			);
			runOnlyForDeploymentPostprocessing = 0;
		};
/* End PBXSourcesBuildPhase section */

/* Begin PBXVariantGroup section */
		0EA9F47E2355572200DCADAB /* LaunchScreen.storyboard */ = {
			isa = PBXVariantGroup;
			children = (
				0EA9F47F2355572200DCADAB /* Base */,
			);
			name = LaunchScreen.storyboard;
			sourceTree = "<group>";
		};
/* End PBXVariantGroup section */

/* Begin XCBuildConfiguration section */
		0EA9F4822355572200DCADAB /* Debug */ = {
			isa = XCBuildConfiguration;
			buildSettings = {
				ALWAYS_SEARCH_USER_PATHS = NO;
				CLANG_ANALYZER_NONNULL = YES;
				CLANG_ANALYZER_NUMBER_OBJECT_CONVERSION = YES_AGGRESSIVE;
				CLANG_CXX_LANGUAGE_STANDARD = "gnu++14";
				CLANG_CXX_LIBRARY = "libc++";
				CLANG_ENABLE_MODULES = YES;
				CLANG_ENABLE_OBJC_ARC = YES;
				CLANG_ENABLE_OBJC_WEAK = YES;
				CLANG_WARN_BLOCK_CAPTURE_AUTORELEASING = YES;
				CLANG_WARN_BOOL_CONVERSION = YES;
				CLANG_WARN_COMMA = YES;
				CLANG_WARN_CONSTANT_CONVERSION = YES;
				CLANG_WARN_DEPRECATED_OBJC_IMPLEMENTATIONS = YES;
				CLANG_WARN_DIRECT_OBJC_ISA_USAGE = YES_ERROR;
				CLANG_WARN_DOCUMENTATION_COMMENTS = YES;
				CLANG_WARN_EMPTY_BODY = YES;
				CLANG_WARN_ENUM_CONVERSION = YES;
				CLANG_WARN_INFINITE_RECURSION = YES;
				CLANG_WARN_INT_CONVERSION = YES;
				CLANG_WARN_NON_LITERAL_NULL_CONVERSION = YES;
				CLANG_WARN_OBJC_IMPLICIT_RETAIN_SELF = YES;
				CLANG_WARN_OBJC_LITERAL_CONVERSION = YES;
				CLANG_WARN_OBJC_ROOT_CLASS = YES_ERROR;
				CLANG_WARN_RANGE_LOOP_ANALYSIS = YES;
				CLANG_WARN_STRICT_PROTOTYPES = YES;
				CLANG_WARN_SUSPICIOUS_MOVE = YES;
				CLANG_WARN_UNGUARDED_AVAILABILITY = YES_AGGRESSIVE;
				CLANG_WARN_UNREACHABLE_CODE = YES;
				CLANG_WARN__DUPLICATE_METHOD_MATCH = YES;
				COPY_PHASE_STRIP = NO;
				DEBUG_INFORMATION_FORMAT = dwarf;
				ENABLE_STRICT_OBJC_MSGSEND = YES;
				ENABLE_TESTABILITY = YES;
				GCC_C_LANGUAGE_STANDARD = gnu11;
				GCC_DYNAMIC_NO_PIC = NO;
				GCC_NO_COMMON_BLOCKS = YES;
				GCC_OPTIMIZATION_LEVEL = 0;
				GCC_PREPROCESSOR_DEFINITIONS = (
					"DEBUG=1",
					"$(inherited)",
				);
				GCC_WARN_64_TO_32_BIT_CONVERSION = YES;
				GCC_WARN_ABOUT_RETURN_TYPE = YES_ERROR;
				GCC_WARN_UNDECLARED_SELECTOR = YES;
				GCC_WARN_UNINITIALIZED_AUTOS = YES_AGGRESSIVE;
				GCC_WARN_UNUSED_FUNCTION = YES;
				GCC_WARN_UNUSED_VARIABLE = YES;
				IPHONEOS_DEPLOYMENT_TARGET = 13.1;
				MTL_ENABLE_DEBUG_INFO = INCLUDE_SOURCE;
				MTL_FAST_MATH = YES;
				ONLY_ACTIVE_ARCH = YES;
				SDKROOT = iphoneos;
				SWIFT_ACTIVE_COMPILATION_CONDITIONS = DEBUG;
				SWIFT_OPTIMIZATION_LEVEL = "-Onone";
			};
			name = Debug;
		};
		0EA9F4832355572200DCADAB /* Release */ = {
			isa = XCBuildConfiguration;
			buildSettings = {
				ALWAYS_SEARCH_USER_PATHS = NO;
				CLANG_ANALYZER_NONNULL = YES;
				CLANG_ANALYZER_NUMBER_OBJECT_CONVERSION = YES_AGGRESSIVE;
				CLANG_CXX_LANGUAGE_STANDARD = "gnu++14";
				CLANG_CXX_LIBRARY = "libc++";
				CLANG_ENABLE_MODULES = YES;
				CLANG_ENABLE_OBJC_ARC = YES;
				CLANG_ENABLE_OBJC_WEAK = YES;
				CLANG_WARN_BLOCK_CAPTURE_AUTORELEASING = YES;
				CLANG_WARN_BOOL_CONVERSION = YES;
				CLANG_WARN_COMMA = YES;
				CLANG_WARN_CONSTANT_CONVERSION = YES;
				CLANG_WARN_DEPRECATED_OBJC_IMPLEMENTATIONS = YES;
				CLANG_WARN_DIRECT_OBJC_ISA_USAGE = YES_ERROR;
				CLANG_WARN_DOCUMENTATION_COMMENTS = YES;
				CLANG_WARN_EMPTY_BODY = YES;
				CLANG_WARN_ENUM_CONVERSION = YES;
				CLANG_WARN_INFINITE_RECURSION = YES;
				CLANG_WARN_INT_CONVERSION = YES;
				CLANG_WARN_NON_LITERAL_NULL_CONVERSION = YES;
				CLANG_WARN_OBJC_IMPLICIT_RETAIN_SELF = YES;
				CLANG_WARN_OBJC_LITERAL_CONVERSION = YES;
				CLANG_WARN_OBJC_ROOT_CLASS = YES_ERROR;
				CLANG_WARN_RANGE_LOOP_ANALYSIS = YES;
				CLANG_WARN_STRICT_PROTOTYPES = YES;
				CLANG_WARN_SUSPICIOUS_MOVE = YES;
				CLANG_WARN_UNGUARDED_AVAILABILITY = YES_AGGRESSIVE;
				CLANG_WARN_UNREACHABLE_CODE = YES;
				CLANG_WARN__DUPLICATE_METHOD_MATCH = YES;
				COPY_PHASE_STRIP = NO;
				DEBUG_INFORMATION_FORMAT = "dwarf-with-dsym";
				ENABLE_NS_ASSERTIONS = NO;
				ENABLE_STRICT_OBJC_MSGSEND = YES;
				GCC_C_LANGUAGE_STANDARD = gnu11;
				GCC_NO_COMMON_BLOCKS = YES;
				GCC_WARN_64_TO_32_BIT_CONVERSION = YES;
				GCC_WARN_ABOUT_RETURN_TYPE = YES_ERROR;
				GCC_WARN_UNDECLARED_SELECTOR = YES;
				GCC_WARN_UNINITIALIZED_AUTOS = YES_AGGRESSIVE;
				GCC_WARN_UNUSED_FUNCTION = YES;
				GCC_WARN_UNUSED_VARIABLE = YES;
				IPHONEOS_DEPLOYMENT_TARGET = 13.1;
				MTL_ENABLE_DEBUG_INFO = NO;
				MTL_FAST_MATH = YES;
				SDKROOT = iphoneos;
				SWIFT_COMPILATION_MODE = wholemodule;
				SWIFT_OPTIMIZATION_LEVEL = "-O";
				VALIDATE_PRODUCT = YES;
			};
			name = Release;
		};
		0EA9F4852355572200DCADAB /* Debug */ = {
			isa = XCBuildConfiguration;
			buildSettings = {
				ASSETCATALOG_COMPILER_APPICON_NAME = AppIcon;
				CODE_SIGN_STYLE = Automatic;
				DEVELOPMENT_ASSET_PATHS = "\"StackOverflow/Preview Content\"";
				ENABLE_PREVIEWS = YES;
				INFOPLIST_FILE = StackOverflow/Info.plist;
				LD_RUNPATH_SEARCH_PATHS = (
					"$(inherited)",
					"@executable_path/Frameworks",
				);
				PRODUCT_BUNDLE_IDENTIFIER = LJJ.StackOverflow;
				PRODUCT_NAME = "$(TARGET_NAME)";
				SWIFT_VERSION = 5.0;
				TARGETED_DEVICE_FAMILY = "1,2";
			};
			name = Debug;
		};
		0EA9F4862355572200DCADAB /* Release */ = {
			isa = XCBuildConfiguration;
			buildSettings = {
				ASSETCATALOG_COMPILER_APPICON_NAME = AppIcon;
				CODE_SIGN_STYLE = Automatic;
				DEVELOPMENT_ASSET_PATHS = "\"StackOverflow/Preview Content\"";
				ENABLE_PREVIEWS = YES;
				INFOPLIST_FILE = StackOverflow/Info.plist;
				LD_RUNPATH_SEARCH_PATHS = (
					"$(inherited)",
					"@executable_path/Frameworks",
				);
				PRODUCT_BUNDLE_IDENTIFIER = LJJ.StackOverflow;
				PRODUCT_NAME = "$(TARGET_NAME)";
				SWIFT_VERSION = 5.0;
				TARGETED_DEVICE_FAMILY = "1,2";
			};
			name = Release;
		};
/* End XCBuildConfiguration section */

/* Begin XCConfigurationList section */
		0EA9F46B2355572000DCADAB /* Build configuration list for PBXProject "StackOverflow" */ = {
			isa = XCConfigurationList;
			buildConfigurations = (
				0EA9F4822355572200DCADAB /* Debug */,
				0EA9F4832355572200DCADAB /* Release */,
			);
			defaultConfigurationIsVisible = 0;
			defaultConfigurationName = Release;
		};
		0EA9F4842355572200DCADAB /* Build configuration list for PBXNativeTarget "StackOverflow" */ = {
			isa = XCConfigurationList;
			buildConfigurations = (
				0EA9F4852355572200DCADAB /* Debug */,
				0EA9F4862355572200DCADAB /* Release */,
			);
			defaultConfigurationIsVisible = 0;
			defaultConfigurationName = Release;
		};
/* End XCConfigurationList section */
	};
	rootObject = 0EA9F4682355572000DCADAB /* Project object */;
}
